
Microsoft Visual Studio Solution File, Format Version 12.00
# Visual Studio 2012
Project("{FAE04EC0-301F-11D3-BF4B-00C04F79EFBC}") = "TestMvcApplication2", "TestMvcApplication2\TestMvcApplication2.csproj", "{0A120780-9E07-4E5B-BB5D-8DEC1CDD8A2F}"
EndProject
Project("{FAE04EC0-301F-11D3-BF4B-00C04F79EFBC}") = "TestMvcApplication2.Tests", "TestMvcApplication2.Tests\TestMvcApplication2.Tests.csproj", "{1D235426-E748-4DA3-A59C-C057CCFEE00E}"
EndProject
Global
	GlobalSection(SolutionConfigurationPlatforms) = preSolution
		Debug|Any CPU = Debug|Any CPU
		Release|Any CPU = Release|Any CPU
	EndGlobalSection
	GlobalSection(ProjectConfigurationPlatforms) = postSolution
		{0A120780-9E07-4E5B-BB5D-8DEC1CDD8A2F}.Debug|Any CPU.ActiveCfg = Debug|Any CPU
		{0A120780-9E07-4E5B-BB5D-8DEC1CDD8A2F}.Debug|Any CPU.Build.0 = Debug|Any CPU
		{0A120780-9E07-4E5B-BB5D-8DEC1CDD8A2F}.Release|Any CPU.ActiveCfg = Release|Any CPU
		{0A120780-9E07-4E5B-BB5D-8DEC1CDD8A2F}.Release|Any CPU.Build.0 = Release|Any CPU
		{1D235426-E748-4DA3-A59C-C057CCFEE00E}.Debug|Any CPU.ActiveCfg = Debug|Any CPU
		{1D235426-E748-4DA3-A59C-C057CCFEE00E}.Debug|Any CPU.Build.0 = Debug|Any CPU
		{1D235426-E748-4DA3-A59C-C057CCFEE00E}.Release|Any CPU.ActiveCfg = Release|Any CPU
		{1D235426-E748-4DA3-A59C-C057CCFEE00E}.Release|Any CPU.Build.0 = Release|Any CPU
	EndGlobalSection
	GlobalSection(SolutionProperties) = preSolution
		HideSolutionNode = FALSE
	EndGlobalSection
EndGlobal
